
Microsoft Visual Studio Solution File, Format Version 12.00
# Visual Studio Version 16
VisualStudioVersion = 16.0.29201.188
MinimumVisualStudioVersion = 10.0.40219.1
Project("{FAE04EC0-301F-11D3-BF4B-00C04F79EFBC}") = "FunkySettingsDemo", "FunkySettingsDemo\FunkySettingsDemo.csproj", "{0D79FA25-D87B-493B-BF31-B1A853295339}"
EndProject
Global
	GlobalSection(SolutionConfigurationPlatforms) = preSolution
		Debug|Any CPU = Debug|Any CPU
		Release|Any CPU = Release|Any CPU
	EndGlobalSection
	GlobalSection(ProjectConfigurationPlatforms) = postSolution
		{0D79FA25-D87B-493B-BF31-B1A853295339}.Debug|Any CPU.ActiveCfg = Debug|Any CPU
		{0D79FA25-D87B-493B-BF31-B1A853295339}.Debug|Any CPU.Build.0 = Debug|Any CPU
		{0D79FA25-D87B-493B-BF31-B1A853295339}.Release|Any CPU.ActiveCfg = Release|Any CPU
		{0D79FA25-D87B-493B-BF31-B1A853295339}.Release|Any CPU.Build.0 = Release|Any CPU
	EndGlobalSection
	GlobalSection(SolutionProperties) = preSolution
		HideSolutionNode = FALSE
	EndGlobalSection
	GlobalSection(ExtensibilityGlobals) = postSolution
		SolutionGuid = {ACB2B112-E6BA-4AB7-9F86-350125E950BA}
	EndGlobalSection
EndGlobal
